
Microsoft Visual Studio Solution File, Format Version 12.00
# Visual Studio Version 17
VisualStudioVersion = 17.2.32630.192
MinimumVisualStudioVersion = 10.0.40219.1
Project("{FAE04EC0-301F-11D3-BF4B-00C04F79EFBC}") = "Boss.az", "Boss.az\Boss.az.csproj", "{B1BAC7EA-3919-419A-A86B-93BA52E4CC80}"
EndProject
Global
	GlobalSection(SolutionConfigurationPlatforms) = preSolution
		Debug|Any CPU = Debug|Any CPU
		Release|Any CPU = Release|Any CPU
	EndGlobalSection
	GlobalSection(ProjectConfigurationPlatforms) = postSolution
		{B1BAC7EA-3919-419A-A86B-93BA52E4CC80}.Debug|Any CPU.ActiveCfg = Debug|Any CPU
		{B1BAC7EA-3919-419A-A86B-93BA52E4CC80}.Debug|Any CPU.Build.0 = Debug|Any CPU
		{B1BAC7EA-3919-419A-A86B-93BA52E4CC80}.Release|Any CPU.ActiveCfg = Release|Any CPU
		{B1BAC7EA-3919-419A-A86B-93BA52E4CC80}.Release|Any CPU.Build.0 = Release|Any CPU
	EndGlobalSection
	GlobalSection(SolutionProperties) = preSolution
		HideSolutionNode = FALSE
	EndGlobalSection
	GlobalSection(ExtensibilityGlobals) = postSolution
		SolutionGuid = {980B39EB-A536-4A58-88C2-CDC2A7333D0A}
	EndGlobalSection
EndGlobal
